
Microsoft Visual Studio Solution File, Format Version 12.00
# Visual Studio 2012
Project("{FAE04EC0-301F-11D3-BF4B-00C04F79EFBC}") = "ABC", "ABC\ABC.csproj", "{B61454E9-D832-437A-B829-EFE50EF20E1F}"
EndProject
Project("{FAE04EC0-301F-11D3-BF4B-00C04F79EFBC}") = "diytext", "..\diytext\diytext\diytext.csproj", "{639AAAAD-38F5-4734-82E4-86B71702C3F6}"
EndProject
Global
	GlobalSection(SolutionConfigurationPlatforms) = preSolution
		Debug|Any CPU = Debug|Any CPU
		Release|Any CPU = Release|Any CPU
	EndGlobalSection
	GlobalSection(ProjectConfigurationPlatforms) = postSolution
		{B61454E9-D832-437A-B829-EFE50EF20E1F}.Debug|Any CPU.ActiveCfg = Debug|Any CPU
		{B61454E9-D832-437A-B829-EFE50EF20E1F}.Debug|Any CPU.Build.0 = Debug|Any CPU
		{B61454E9-D832-437A-B829-EFE50EF20E1F}.Release|Any CPU.ActiveCfg = Release|Any CPU
		{B61454E9-D832-437A-B829-EFE50EF20E1F}.Release|Any CPU.Build.0 = Release|Any CPU
		{639AAAAD-38F5-4734-82E4-86B71702C3F6}.Debug|Any CPU.ActiveCfg = Debug|Any CPU
		{639AAAAD-38F5-4734-82E4-86B71702C3F6}.Debug|Any CPU.Build.0 = Debug|Any CPU
		{639AAAAD-38F5-4734-82E4-86B71702C3F6}.Release|Any CPU.ActiveCfg = Release|Any CPU
		{639AAAAD-38F5-4734-82E4-86B71702C3F6}.Release|Any CPU.Build.0 = Release|Any CPU
	EndGlobalSection
	GlobalSection(SolutionProperties) = preSolution
		HideSolutionNode = FALSE
	EndGlobalSection
EndGlobal
