
Microsoft Visual Studio Solution File, Format Version 12.00
# Visual Studio 2012
Project("{FAE04EC0-301F-11D3-BF4B-00C04F79EFBC}") = "UltramanMovie", "UltramanMovie\UltramanMovie.csproj", "{FF81FBC3-5F42-485A-9617-8CB0DA38B85F}"
EndProject
Project("{FAE04EC0-301F-11D3-BF4B-00C04F79EFBC}") = "day05_EX", "..\day05_EX\day05_EX.csproj", "{12493A67-0EFB-4D09-A8BF-633993C0463F}"
EndProject
Global
	GlobalSection(SolutionConfigurationPlatforms) = preSolution
		Debug|Any CPU = Debug|Any CPU
		Release|Any CPU = Release|Any CPU
	EndGlobalSection
	GlobalSection(ProjectConfigurationPlatforms) = postSolution
		{FF81FBC3-5F42-485A-9617-8CB0DA38B85F}.Debug|Any CPU.ActiveCfg = Debug|Any CPU
		{FF81FBC3-5F42-485A-9617-8CB0DA38B85F}.Debug|Any CPU.Build.0 = Debug|Any CPU
		{FF81FBC3-5F42-485A-9617-8CB0DA38B85F}.Release|Any CPU.ActiveCfg = Release|Any CPU
		{FF81FBC3-5F42-485A-9617-8CB0DA38B85F}.Release|Any CPU.Build.0 = Release|Any CPU
		{12493A67-0EFB-4D09-A8BF-633993C0463F}.Debug|Any CPU.ActiveCfg = Debug|Any CPU
		{12493A67-0EFB-4D09-A8BF-633993C0463F}.Debug|Any CPU.Build.0 = Debug|Any CPU
		{12493A67-0EFB-4D09-A8BF-633993C0463F}.Release|Any CPU.ActiveCfg = Release|Any CPU
		{12493A67-0EFB-4D09-A8BF-633993C0463F}.Release|Any CPU.Build.0 = Release|Any CPU
	EndGlobalSection
	GlobalSection(SolutionProperties) = preSolution
		HideSolutionNode = FALSE
	EndGlobalSection
EndGlobal
