
Microsoft Visual Studio Solution File, Format Version 12.00
# Visual Studio 2012
Project("{FAE04EC0-301F-11D3-BF4B-00C04F79EFBC}") = "car", "car\car.csproj", "{219D915B-CCBE-46FC-B8BC-4C4741BA1CB8}"
EndProject
Project("{FAE04EC0-301F-11D3-BF4B-00C04F79EFBC}") = "day05_00001", "..\day05_00001\day05_00001.csproj", "{0104E7EC-BDBF-4D91-BE12-7CDD64FD3ED2}"
EndProject
Global
	GlobalSection(SolutionConfigurationPlatforms) = preSolution
		Debug|Any CPU = Debug|Any CPU
		Release|Any CPU = Release|Any CPU
	EndGlobalSection
	GlobalSection(ProjectConfigurationPlatforms) = postSolution
		{219D915B-CCBE-46FC-B8BC-4C4741BA1CB8}.Debug|Any CPU.ActiveCfg = Debug|Any CPU
		{219D915B-CCBE-46FC-B8BC-4C4741BA1CB8}.Debug|Any CPU.Build.0 = Debug|Any CPU
		{219D915B-CCBE-46FC-B8BC-4C4741BA1CB8}.Release|Any CPU.ActiveCfg = Release|Any CPU
		{219D915B-CCBE-46FC-B8BC-4C4741BA1CB8}.Release|Any CPU.Build.0 = Release|Any CPU
		{0104E7EC-BDBF-4D91-BE12-7CDD64FD3ED2}.Debug|Any CPU.ActiveCfg = Debug|Any CPU
		{0104E7EC-BDBF-4D91-BE12-7CDD64FD3ED2}.Debug|Any CPU.Build.0 = Debug|Any CPU
		{0104E7EC-BDBF-4D91-BE12-7CDD64FD3ED2}.Release|Any CPU.ActiveCfg = Release|Any CPU
		{0104E7EC-BDBF-4D91-BE12-7CDD64FD3ED2}.Release|Any CPU.Build.0 = Release|Any CPU
	EndGlobalSection
	GlobalSection(SolutionProperties) = preSolution
		HideSolutionNode = FALSE
	EndGlobalSection
EndGlobal
